{
  "requires": true,
  "lockfileVersion": 1,
  "dependencies": {
    "@headlessui/react": {
      "version": "1.3.0",
      "resolved": "https://registry.npmjs.org/@headlessui/react/-/react-1.3.0.tgz",
      "integrity": "sha512-2gqTO6BQ3Jr8vDX1B67n1gl6MGKTt6DBmR+H0qxwj0gTMnR2+Qpktj8alRWxsZBODyOiBb77QSQpE/6gG3MX4Q=="
    },
    "heroicons-react": {
      "version": "1.4.1",
      "resolved": "https://registry.npmjs.org/heroicons-react/-/heroicons-react-1.4.1.tgz",
      "integrity": "sha512-lFB8N44eeju73p5IjaeRrRejXsWWjsmeLK1LQrXGI5UnV9qvkzk2VZoMx5HKLnp1xJI4i9pFh/g2uRc7M1jrjQ=="
    }
  }
}
